
Microsoft Visual Studio Solution File, Format Version 12.00
# Visual Studio Version 16
VisualStudioVersion = 16.0.29324.140
MinimumVisualStudioVersion = 10.0.40219.1
Project("{9A19103F-16F7-4668-BE54-9A1E7A4F7556}") = "Factory", "Factory\Factory.csproj", "{65F84BA3-9433-42EE-822A-E69B5AD12AA5}"
EndProject
Project("{9A19103F-16F7-4668-BE54-9A1E7A4F7556}") = "Factory.Domain", "Factory.Domain\Factory.Domain.csproj", "{78626528-305A-4268-9110-628F7029DC0A}"
EndProject
Project("{FAE04EC0-301F-11D3-BF4B-00C04F79EFBC}") = "Factory.DAL", "Factory.DAL\Factory.DAL.csproj", "{08877377-338E-47C4-B232-4D22E2E3CEA6}"
EndProject
Global
	GlobalSection(SolutionConfigurationPlatforms) = preSolution
		Debug|Any CPU = Debug|Any CPU
		Release|Any CPU = Release|Any CPU
	EndGlobalSection
	GlobalSection(ProjectConfigurationPlatforms) = postSolution
		{65F84BA3-9433-42EE-822A-E69B5AD12AA5}.Debug|Any CPU.ActiveCfg = Debug|Any CPU
		{65F84BA3-9433-42EE-822A-E69B5AD12AA5}.Debug|Any CPU.Build.0 = Debug|Any CPU
		{65F84BA3-9433-42EE-822A-E69B5AD12AA5}.Release|Any CPU.ActiveCfg = Release|Any CPU
		{65F84BA3-9433-42EE-822A-E69B5AD12AA5}.Release|Any CPU.Build.0 = Release|Any CPU
		{78626528-305A-4268-9110-628F7029DC0A}.Debug|Any CPU.ActiveCfg = Debug|Any CPU
		{78626528-305A-4268-9110-628F7029DC0A}.Debug|Any CPU.Build.0 = Debug|Any CPU
		{78626528-305A-4268-9110-628F7029DC0A}.Release|Any CPU.ActiveCfg = Release|Any CPU
		{78626528-305A-4268-9110-628F7029DC0A}.Release|Any CPU.Build.0 = Release|Any CPU
		{08877377-338E-47C4-B232-4D22E2E3CEA6}.Debug|Any CPU.ActiveCfg = Debug|Any CPU
		{08877377-338E-47C4-B232-4D22E2E3CEA6}.Debug|Any CPU.Build.0 = Debug|Any CPU
		{08877377-338E-47C4-B232-4D22E2E3CEA6}.Release|Any CPU.ActiveCfg = Release|Any CPU
		{08877377-338E-47C4-B232-4D22E2E3CEA6}.Release|Any CPU.Build.0 = Release|Any CPU
	EndGlobalSection
	GlobalSection(SolutionProperties) = preSolution
		HideSolutionNode = FALSE
	EndGlobalSection
	GlobalSection(ExtensibilityGlobals) = postSolution
		SolutionGuid = {624638EA-CBFD-4817-BC00-6725E9E5E829}
	EndGlobalSection
EndGlobal
